
Microsoft Visual Studio Solution File, Format Version 12.00
# Visual Studio Version 16
VisualStudioVersion = 16.0.29926.136
MinimumVisualStudioVersion = 10.0.40219.1
Project("{FAE04EC0-301F-11D3-BF4B-00C04F79EFBC}") = "Winform_QL_LinhKien", "Winform_QL_LinhKien\Winform_QL_LinhKien.csproj", "{C1DF3F04-F0C8-4356-9E8C-4DDBB66BCB49}"
EndProject
Global
	GlobalSection(SolutionConfigurationPlatforms) = preSolution
		Debug|Any CPU = Debug|Any CPU
		Release|Any CPU = Release|Any CPU
	EndGlobalSection
	GlobalSection(ProjectConfigurationPlatforms) = postSolution
		{C1DF3F04-F0C8-4356-9E8C-4DDBB66BCB49}.Debug|Any CPU.ActiveCfg = Debug|Any CPU
		{C1DF3F04-F0C8-4356-9E8C-4DDBB66BCB49}.Debug|Any CPU.Build.0 = Debug|Any CPU
		{C1DF3F04-F0C8-4356-9E8C-4DDBB66BCB49}.Release|Any CPU.ActiveCfg = Release|Any CPU
		{C1DF3F04-F0C8-4356-9E8C-4DDBB66BCB49}.Release|Any CPU.Build.0 = Release|Any CPU
	EndGlobalSection
	GlobalSection(SolutionProperties) = preSolution
		HideSolutionNode = FALSE
	EndGlobalSection
	GlobalSection(ExtensibilityGlobals) = postSolution
		SolutionGuid = {BC2A74BB-2F17-4D29-A433-FF5E4247BA0C}
	EndGlobalSection
EndGlobal
